// !$*UTF8*$!
{
	archiveVersion = 1;
	classes = {
	};
	objectVersion = 46;
	objects = {

/* Begin PBXBuildFile section */
		7FA580951BF02693005BED24 /* main.m in Sources */ = {isa = PBXBuildFile; fileRef = 7FA580941BF02693005BED24 /* main.m */; };
		7FA580981BF02693005BED24 /* AppDelegate.m in Sources */ = {isa = PBXBuildFile; fileRef = 7FA580971BF02693005BED24 /* AppDelegate.m */; };
		7FA5809E1BF02693005BED24 /* Main.storyboard in Resources */ = {isa = PBXBuildFile; fileRef = 7FA5809C1BF02693005BED24 /* Main.storyboard */; };
		7FA580A01BF02693005BED24 /* Images.xcassets in Resources */ = {isa = PBXBuildFile; fileRef = 7FA5809F1BF02693005BED24 /* Images.xcassets */; };
		7FA580A31BF02693005BED24 /* LaunchScreen.xib in Resources */ = {isa = PBXBuildFile; fileRef = 7FA580A11BF02693005BED24 /* LaunchScreen.xib */; };
		7FA580AF1BF02693005BED24 /* SnapchatStudyTests.m in Sources */ = {isa = PBXBuildFile; fileRef = 7FA580AE1BF02693005BED24 /* SnapchatStudyTests.m */; };
		7FA580BF1BF02CF1005BED24 /* SWRNavigationController.m in Sources */ = {isa = PBXBuildFile; fileRef = 7FA580BE1BF02CF1005BED24 /* SWRNavigationController.m */; };
		7FA580C31BF02D3C005BED24 /* SWRWhiteNavigationBar.m in Sources */ = {isa = PBXBuildFile; fileRef = 7FA580C21BF02D3C005BED24 /* SWRWhiteNavigationBar.m */; };
		7FA580C61BF02D53005BED24 /* SWRGreenNavigationBar.m in Sources */ = {isa = PBXBuildFile; fileRef = 7FA580C51BF02D53005BED24 /* SWRGreenNavigationBar.m */; };
		7FA580CB1BF02E81005BED24 /* SWRStartViewController.m in Sources */ = {isa = PBXBuildFile; fileRef = 7FA580CA1BF02E81005BED24 /* SWRStartViewController.m */; };
		7FA580CE1BF02E9F005BED24 /* SWRSignupViewController.m in Sources */ = {isa = PBXBuildFile; fileRef = 7FA580CD1BF02E9F005BED24 /* SWRSignupViewController.m */; };
		7FA580DB1BF04AD9005BED24 /* AudioToolbox.framework in Frameworks */ = {isa = PBXBuildFile; fileRef = 7FA580DA1BF04AD9005BED24 /* AudioToolbox.framework */; };
		7FA580DD1BF04AEF005BED24 /* CFNetwork.framework in Frameworks */ = {isa = PBXBuildFile; fileRef = 7FA580DC1BF04AEF005BED24 /* CFNetwork.framework */; };
		7FA580DF1BF04AF6005BED24 /* CoreGraphics.framework in Frameworks */ = {isa = PBXBuildFile; fileRef = 7FA580DE1BF04AF6005BED24 /* CoreGraphics.framework */; };
		7FA580E11BF04AFD005BED24 /* CoreLocation.framework in Frameworks */ = {isa = PBXBuildFile; fileRef = 7FA580E01BF04AFD005BED24 /* CoreLocation.framework */; };
		7FA580E31BF04B11005BED24 /* libz.1.1.3.dylib in Frameworks */ = {isa = PBXBuildFile; fileRef = 7FA580E21BF04B11005BED24 /* libz.1.1.3.dylib */; };
		7FA580E51BF04B2F005BED24 /* MobileCoreServices.framework in Frameworks */ = {isa = PBXBuildFile; fileRef = 7FA580E41BF04B2F005BED24 /* MobileCoreServices.framework */; };
		7FA580E71BF04B37005BED24 /* QuartzCore.framework in Frameworks */ = {isa = PBXBuildFile; fileRef = 7FA580E61BF04B37005BED24 /* QuartzCore.framework */; };
		7FA580E91BF04B46005BED24 /* Security.framework in Frameworks */ = {isa = PBXBuildFile; fileRef = 7FA580E81BF04B46005BED24 /* Security.framework */; };
		7FA580EB1BF04B4D005BED24 /* StoreKit.framework in Frameworks */ = {isa = PBXBuildFile; fileRef = 7FA580EA1BF04B4D005BED24 /* StoreKit.framework */; };
		7FA580ED1BF04B56005BED24 /* SystemConfiguration.framework in Frameworks */ = {isa = PBXBuildFile; fileRef = 7FA580EC1BF04B56005BED24 /* SystemConfiguration.framework */; };
		7FA580EF1BF04C66005BED24 /* Parse.framework in Frameworks */ = {isa = PBXBuildFile; fileRef = 7FA580EE1BF04C66005BED24 /* Parse.framework */; };
		7FA580F11BF04DBB005BED24 /* Bolts.framework in Frameworks */ = {isa = PBXBuildFile; fileRef = 7FA580F01BF04DBB005BED24 /* Bolts.framework */; };
		7FA580F31BF04E20005BED24 /* libsqlite3.dylib in Frameworks */ = {isa = PBXBuildFile; fileRef = 7FA580F21BF04E20005BED24 /* libsqlite3.dylib */; };
		7FA580F81BF066DC005BED24 /* SWRLoginViewController.m in Sources */ = {isa = PBXBuildFile; fileRef = 7FA580F71BF066DC005BED24 /* SWRLoginViewController.m */; };
		7FA580FB1BF066FC005BED24 /* SWRManageViewController.m in Sources */ = {isa = PBXBuildFile; fileRef = 7FA580FA1BF066FC005BED24 /* SWRManageViewController.m */; };
		7FA580FF1BF067C9005BED24 /* SWRSettingTableViewController.m in Sources */ = {isa = PBXBuildFile; fileRef = 7FA580FE1BF067C9005BED24 /* SWRSettingTableViewController.m */; };
		7FA581121BF1B8D8005BED24 /* SWRRightToLeftSegue.m in Sources */ = {isa = PBXBuildFile; fileRef = 7FA581111BF1B8D8005BED24 /* SWRRightToLeftSegue.m */; };
		7FA581181BF2E6DD005BED24 /* SWRAddFriendTableViewController.m in Sources */ = {isa = PBXBuildFile; fileRef = 7FA581171BF2E6DD005BED24 /* SWRAddFriendTableViewController.m */; };
		7FA5811C1BF3071F005BED24 /* SWRMyFriendTableViewController.m in Sources */ = {isa = PBXBuildFile; fileRef = 7FA5811B1BF3071F005BED24 /* SWRMyFriendTableViewController.m */; };
		7FA581291BF434FF005BED24 /* SWRConversationTableViewController.m in Sources */ = {isa = PBXBuildFile; fileRef = 7FA581281BF434FF005BED24 /* SWRConversationTableViewController.m */; };
		7FA5812E1BF4353A005BED24 /* SWRConversationModel.m in Sources */ = {isa = PBXBuildFile; fileRef = 7FA5812D1BF4353A005BED24 /* SWRConversationModel.m */; };
		7FA581311BF4365D005BED24 /* SWRConversationTableViewCell.m in Sources */ = {isa = PBXBuildFile; fileRef = 7FA581301BF4365D005BED24 /* SWRConversationTableViewCell.m */; };
		7FA581341BF43F68005BED24 /* UIView+Extension.m in Sources */ = {isa = PBXBuildFile; fileRef = 7FA581331BF43F68005BED24 /* UIView+Extension.m */; };
		7FA5813B1BF46072005BED24 /* SWRMessageModel.m in Sources */ = {isa = PBXBuildFile; fileRef = 7FA5813A1BF46072005BED24 /* SWRMessageModel.m */; };
		7FA5813E1BF46317005BED24 /* SWRMessageFrame.m in Sources */ = {isa = PBXBuildFile; fileRef = 7FA5813D1BF46317005BED24 /* SWRMessageFrame.m */; };
		7FA581731BF47644005BED24 /* SWRMessageCell.m in Sources */ = {isa = PBXBuildFile; fileRef = 7FA581721BF47644005BED24 /* SWRMessageCell.m */; };
		7FA581791BF502BB005BED24 /* SWRMessageTableViewController.m in Sources */ = {isa = PBXBuildFile; fileRef = 7FA581781BF502BB005BED24 /* SWRMessageTableViewController.m */; };
		7FA5817C1BF55BB8005BED24 /* SWRInputBox.m in Sources */ = {isa = PBXBuildFile; fileRef = 7FA5817B1BF55BB8005BED24 /* SWRInputBox.m */; };
		7FA581811BF56AB7005BED24 /* SWRInputBoxController.m in Sources */ = {isa = PBXBuildFile; fileRef = 7FA581801BF56AB7005BED24 /* SWRInputBoxController.m */; };
		7FA581821BF5710E005BED24 /* SWRChatViewController.m in Sources */ = {isa = PBXBuildFile; fileRef = 7FA581751BF502A2005BED24 /* SWRChatViewController.m */; };
/* End PBXBuildFile section */

/* Begin PBXContainerItemProxy section */
		7FA580A91BF02693005BED24 /* PBXContainerItemProxy */ = {
			isa = PBXContainerItemProxy;
			containerPortal = 7FA580871BF02693005BED24 /* Project object */;
			proxyType = 1;
			remoteGlobalIDString = 7FA5808E1BF02693005BED24;
			remoteInfo = SnapchatStudy;
		};
/* End PBXContainerItemProxy section */

/* Begin PBXFileReference section */
		7FA5808F1BF02693005BED24 /* SnapchatStudy.app */ = {isa = PBXFileReference; explicitFileType = wrapper.application; includeInIndex = 0; path = SnapchatStudy.app; sourceTree = BUILT_PRODUCTS_DIR; };
		7FA580931BF02693005BED24 /* Info.plist */ = {isa = PBXFileReference; lastKnownFileType = text.plist.xml; path = Info.plist; sourceTree = "<group>"; };
		7FA580941BF02693005BED24 /* main.m */ = {isa = PBXFileReference; lastKnownFileType = sourcecode.c.objc; path = main.m; sourceTree = "<group>"; };
		7FA580961BF02693005BED24 /* AppDelegate.h */ = {isa = PBXFileReference; lastKnownFileType = sourcecode.c.h; path = AppDelegate.h; sourceTree = "<group>"; };
		7FA580971BF02693005BED24 /* AppDelegate.m */ = {isa = PBXFileReference; lastKnownFileType = sourcecode.c.objc; path = AppDelegate.m; sourceTree = "<group>"; };
		7FA5809D1BF02693005BED24 /* Base */ = {isa = PBXFileReference; lastKnownFileType = file.storyboard; name = Base; path = Base.lproj/Main.storyboard; sourceTree = "<group>"; };
		7FA5809F1BF02693005BED24 /* Images.xcassets */ = {isa = PBXFileReference; lastKnownFileType = folder.assetcatalog; path = Images.xcassets; sourceTree = "<group>"; };
		7FA580A21BF02693005BED24 /* Base */ = {isa = PBXFileReference; lastKnownFileType = file.xib; name = Base; path = Base.lproj/LaunchScreen.xib; sourceTree = "<group>"; };
		7FA580A81BF02693005BED24 /* SnapchatStudyTests.xctest */ = {isa = PBXFileReference; explicitFileType = wrapper.cfbundle; includeInIndex = 0; path = SnapchatStudyTests.xctest; sourceTree = BUILT_PRODUCTS_DIR; };
		7FA580AD1BF02693005BED24 /* Info.plist */ = {isa = PBXFileReference; lastKnownFileType = text.plist.xml; path = Info.plist; sourceTree = "<group>"; };
		7FA580AE1BF02693005BED24 /* SnapchatStudyTests.m */ = {isa = PBXFileReference; lastKnownFileType = sourcecode.c.objc; path = SnapchatStudyTests.m; sourceTree = "<group>"; };
		7FA580BD1BF02CF1005BED24 /* SWRNavigationController.h */ = {isa = PBXFileReference; fileEncoding = 4; lastKnownFileType = sourcecode.c.h; path = SWRNavigationController.h; sourceTree = "<group>"; };
		7FA580BE1BF02CF1005BED24 /* SWRNavigationController.m */ = {isa = PBXFileReference; fileEncoding = 4; lastKnownFileType = sourcecode.c.objc; path = SWRNavigationController.m; sourceTree = "<group>"; };
		7FA580C11BF02D3C005BED24 /* SWRWhiteNavigationBar.h */ = {isa = PBXFileReference; fileEncoding = 4; lastKnownFileType = sourcecode.c.h; path = SWRWhiteNavigationBar.h; sourceTree = "<group>"; };
		7FA580C21BF02D3C005BED24 /* SWRWhiteNavigationBar.m */ = {isa = PBXFileReference; fileEncoding = 4; lastKnownFileType = sourcecode.c.objc; path = SWRWhiteNavigationBar.m; sourceTree = "<group>"; };
		7FA580C41BF02D53005BED24 /* SWRGreenNavigationBar.h */ = {isa = PBXFileReference; fileEncoding = 4; lastKnownFileType = sourcecode.c.h; path = SWRGreenNavigationBar.h; sourceTree = "<group>"; };
		7FA580C51BF02D53005BED24 /* SWRGreenNavigationBar.m */ = {isa = PBXFileReference; fileEncoding = 4; lastKnownFileType = sourcecode.c.objc; path = SWRGreenNavigationBar.m; sourceTree = "<group>"; };
		7FA580C81BF02DE0005BED24 /* SnapchatStudy_PrefixHeader.pch */ = {isa = PBXFileReference; fileEncoding = 4; lastKnownFileType = sourcecode.c.h; path = SnapchatStudy_PrefixHeader.pch; sourceTree = "<group>"; };
		7FA580C91BF02E81005BED24 /* SWRStartViewController.h */ = {isa = PBXFileReference; fileEncoding = 4; lastKnownFileType = sourcecode.c.h; path = SWRStartViewController.h; sourceTree = "<group>"; };
		7FA580CA1BF02E81005BED24 /* SWRStartViewController.m */ = {isa = PBXFileReference; fileEncoding = 4; lastKnownFileType = sourcecode.c.objc; path = SWRStartViewController.m; sourceTree = "<group>"; };
		7FA580CC1BF02E9F005BED24 /* SWRSignupViewController.h */ = {isa = PBXFileReference; fileEncoding = 4; lastKnownFileType = sourcecode.c.h; path = SWRSignupViewController.h; sourceTree = "<group>"; };
		7FA580CD1BF02E9F005BED24 /* SWRSignupViewController.m */ = {isa = PBXFileReference; fileEncoding = 4; lastKnownFileType = sourcecode.c.objc; path = SWRSignupViewController.m; sourceTree = "<group>"; };
		7FA580D81BF049EE005BED24 /* Parse.framework */ = {isa = PBXFileReference; lastKnownFileType = wrapper.framework; path = Parse.framework; sourceTree = "<group>"; };
		7FA580DA1BF04AD9005BED24 /* AudioToolbox.framework */ = {isa = PBXFileReference; lastKnownFileType = wrapper.framework; name = AudioToolbox.framework; path = System/Library/Frameworks/AudioToolbox.framework; sourceTree = SDKROOT; };
		7FA580DC1BF04AEF005BED24 /* CFNetwork.framework */ = {isa = PBXFileReference; lastKnownFileType = wrapper.framework; name = CFNetwork.framework; path = System/Library/Frameworks/CFNetwork.framework; sourceTree = SDKROOT; };
		7FA580DE1BF04AF6005BED24 /* CoreGraphics.framework */ = {isa = PBXFileReference; lastKnownFileType = wrapper.framework; name = CoreGraphics.framework; path = System/Library/Frameworks/CoreGraphics.framework; sourceTree = SDKROOT; };
		7FA580E01BF04AFD005BED24 /* CoreLocation.framework */ = {isa = PBXFileReference; lastKnownFileType = wrapper.framework; name = CoreLocation.framework; path = System/Library/Frameworks/CoreLocation.framework; sourceTree = SDKROOT; };
		7FA580E21BF04B11005BED24 /* libz.1.1.3.dylib */ = {isa = PBXFileReference; lastKnownFileType = "compiled.mach-o.dylib"; name = libz.1.1.3.dylib; path = usr/lib/libz.1.1.3.dylib; sourceTree = SDKROOT; };
		7FA580E41BF04B2F005BED24 /* MobileCoreServices.framework */ = {isa = PBXFileReference; lastKnownFileType = wrapper.framework; name = MobileCoreServices.framework; path = System/Library/Frameworks/MobileCoreServices.framework; sourceTree = SDKROOT; };
		7FA580E61BF04B37005BED24 /* QuartzCore.framework */ = {isa = PBXFileReference; lastKnownFileType = wrapper.framework; name = QuartzCore.framework; path = System/Library/Frameworks/QuartzCore.framework; sourceTree = SDKROOT; };
		7FA580E81BF04B46005BED24 /* Security.framework */ = {isa = PBXFileReference; lastKnownFileType = wrapper.framework; name = Security.framework; path = System/Library/Frameworks/Security.framework; sourceTree = SDKROOT; };
		7FA580EA1BF04B4D005BED24 /* StoreKit.framework */ = {isa = PBXFileReference; lastKnownFileType = wrapper.framework; name = StoreKit.framework; path = System/Library/Frameworks/StoreKit.framework; sourceTree = SDKROOT; };
		7FA580EC1BF04B56005BED24 /* SystemConfiguration.framework */ = {isa = PBXFileReference; lastKnownFileType = wrapper.framework; name = SystemConfiguration.framework; path = System/Library/Frameworks/SystemConfiguration.framework; sourceTree = SDKROOT; };
		7FA580EE1BF04C66005BED24 /* Parse.framework */ = {isa = PBXFileReference; lastKnownFileType = wrapper.framework; name = Parse.framework; path = "../Lib/parse-starter-project-1.9.1/ParseStarterProject/Parse.framework"; sourceTree = "<group>"; };
		7FA580F01BF04DBB005BED24 /* Bolts.framework */ = {isa = PBXFileReference; lastKnownFileType = wrapper.framework; name = Bolts.framework; path = "../Lib/parse-starter-project-1.9.1/ParseStarterProject/Bolts.framework"; sourceTree = "<group>"; };
		7FA580F21BF04E20005BED24 /* libsqlite3.dylib */ = {isa = PBXFileReference; lastKnownFileType = "compiled.mach-o.dylib"; name = libsqlite3.dylib; path = usr/lib/libsqlite3.dylib; sourceTree = SDKROOT; };
		7FA580F61BF066DC005BED24 /* SWRLoginViewController.h */ = {isa = PBXFileReference; fileEncoding = 4; lastKnownFileType = sourcecode.c.h; path = SWRLoginViewController.h; sourceTree = "<group>"; };
		7FA580F71BF066DC005BED24 /* SWRLoginViewController.m */ = {isa = PBXFileReference; fileEncoding = 4; lastKnownFileType = sourcecode.c.objc; path = SWRLoginViewController.m; sourceTree = "<group>"; };
		7FA580F91BF066FC005BED24 /* SWRManageViewController.h */ = {isa = PBXFileReference; fileEncoding = 4; lastKnownFileType = sourcecode.c.h; path = SWRManageViewController.h; sourceTree = "<group>"; };
		7FA580FA1BF066FC005BED24 /* SWRManageViewController.m */ = {isa = PBXFileReference; fileEncoding = 4; lastKnownFileType = sourcecode.c.objc; path = SWRManageViewController.m; sourceTree = "<group>"; };
		7FA580FD1BF067C9005BED24 /* SWRSettingTableViewController.h */ = {isa = PBXFileReference; fileEncoding = 4; lastKnownFileType = sourcecode.c.h; path = SWRSettingTableViewController.h; sourceTree = "<group>"; };
		7FA580FE1BF067C9005BED24 /* SWRSettingTableViewController.m */ = {isa = PBXFileReference; fileEncoding = 4; lastKnownFileType = sourcecode.c.objc; path = SWRSettingTableViewController.m; sourceTree = "<group>"; };
		7FA581101BF1B8D8005BED24 /* SWRRightToLeftSegue.h */ = {isa = PBXFileReference; fileEncoding = 4; lastKnownFileType = sourcecode.c.h; path = SWRRightToLeftSegue.h; sourceTree = "<group>"; };
		7FA581111BF1B8D8005BED24 /* SWRRightToLeftSegue.m */ = {isa = PBXFileReference; fileEncoding = 4; lastKnownFileType = sourcecode.c.objc; path = SWRRightToLeftSegue.m; sourceTree = "<group>"; };
		7FA581161BF2E6DD005BED24 /* SWRAddFriendTableViewController.h */ = {isa = PBXFileReference; fileEncoding = 4; lastKnownFileType = sourcecode.c.h; path = SWRAddFriendTableViewController.h; sourceTree = "<group>"; };
		7FA581171BF2E6DD005BED24 /* SWRAddFriendTableViewController.m */ = {isa = PBXFileReference; fileEncoding = 4; lastKnownFileType = sourcecode.c.objc; path = SWRAddFriendTableViewController.m; sourceTree = "<group>"; };
		7FA5811A1BF3071F005BED24 /* SWRMyFriendTableViewController.h */ = {isa = PBXFileReference; fileEncoding = 4; lastKnownFileType = sourcecode.c.h; path = SWRMyFriendTableViewController.h; sourceTree = "<group>"; };
		7FA5811B1BF3071F005BED24 /* SWRMyFriendTableViewController.m */ = {isa = PBXFileReference; fileEncoding = 4; lastKnownFileType = sourcecode.c.objc; path = SWRMyFriendTableViewController.m; sourceTree = "<group>"; };
		7FA581271BF434FF005BED24 /* SWRConversationTableViewController.h */ = {isa = PBXFileReference; fileEncoding = 4; lastKnownFileType = sourcecode.c.h; path = SWRConversationTableViewController.h; sourceTree = "<group>"; };
		7FA581281BF434FF005BED24 /* SWRConversationTableViewController.m */ = {isa = PBXFileReference; fileEncoding = 4; lastKnownFileType = sourcecode.c.objc; path = SWRConversationTableViewController.m; sourceTree = "<group>"; };
		7FA5812C1BF4353A005BED24 /* SWRConversationModel.h */ = {isa = PBXFileReference; fileEncoding = 4; lastKnownFileType = sourcecode.c.h; path = SWRConversationModel.h; sourceTree = "<group>"; };
		7FA5812D1BF4353A005BED24 /* SWRConversationModel.m */ = {isa = PBXFileReference; fileEncoding = 4; lastKnownFileType = sourcecode.c.objc; path = SWRConversationModel.m; sourceTree = "<group>"; };
		7FA5812F1BF4365D005BED24 /* SWRConversationTableViewCell.h */ = {isa = PBXFileReference; fileEncoding = 4; lastKnownFileType = sourcecode.c.h; path = SWRConversationTableViewCell.h; sourceTree = "<group>"; };
		7FA581301BF4365D005BED24 /* SWRConversationTableViewCell.m */ = {isa = PBXFileReference; fileEncoding = 4; lastKnownFileType = sourcecode.c.objc; path = SWRConversationTableViewCell.m; sourceTree = "<group>"; };
		7FA581321BF43F68005BED24 /* UIView+Extension.h */ = {isa = PBXFileReference; fileEncoding = 4; lastKnownFileType = sourcecode.c.h; path = "UIView+Extension.h"; sourceTree = "<group>"; };
		7FA581331BF43F68005BED24 /* UIView+Extension.m */ = {isa = PBXFileReference; fileEncoding = 4; lastKnownFileType = sourcecode.c.objc; path = "UIView+Extension.m"; sourceTree = "<group>"; };
		7FA581391BF46072005BED24 /* SWRMessageModel.h */ = {isa = PBXFileReference; fileEncoding = 4; lastKnownFileType = sourcecode.c.h; path = SWRMessageModel.h; sourceTree = "<group>"; };
		7FA5813A1BF46072005BED24 /* SWRMessageModel.m */ = {isa = PBXFileReference; fileEncoding = 4; lastKnownFileType = sourcecode.c.objc; path = SWRMessageModel.m; sourceTree = "<group>"; };
		7FA5813C1BF46317005BED24 /* SWRMessageFrame.h */ = {isa = PBXFileReference; fileEncoding = 4; lastKnownFileType = sourcecode.c.h; path = SWRMessageFrame.h; sourceTree = "<group>"; };
		7FA5813D1BF46317005BED24 /* SWRMessageFrame.m */ = {isa = PBXFileReference; fileEncoding = 4; lastKnownFileType = sourcecode.c.objc; path = SWRMessageFrame.m; sourceTree = "<group>"; };
		7FA581711BF47644005BED24 /* SWRMessageCell.h */ = {isa = PBXFileReference; fileEncoding = 4; lastKnownFileType = sourcecode.c.h; path = SWRMessageCell.h; sourceTree = "<group>"; };
		7FA581721BF47644005BED24 /* SWRMessageCell.m */ = {isa = PBXFileReference; fileEncoding = 4; lastKnownFileType = sourcecode.c.objc; path = SWRMessageCell.m; sourceTree = "<group>"; };
		7FA581741BF502A2005BED24 /* SWRChatViewController.h */ = {isa = PBXFileReference; fileEncoding = 4; lastKnownFileType = sourcecode.c.h; path = SWRChatViewController.h; sourceTree = "<group>"; };
		7FA581751BF502A2005BED24 /* SWRChatViewController.m */ = {isa = PBXFileReference; fileEncoding = 4; lastKnownFileType = sourcecode.c.objc; path = SWRChatViewController.m; sourceTree = "<group>"; };
		7FA581771BF502BB005BED24 /* SWRMessageTableViewController.h */ = {isa = PBXFileReference; fileEncoding = 4; lastKnownFileType = sourcecode.c.h; path = SWRMessageTableViewController.h; sourceTree = "<group>"; };
		7FA581781BF502BB005BED24 /* SWRMessageTableViewController.m */ = {isa = PBXFileReference; fileEncoding = 4; lastKnownFileType = sourcecode.c.objc; path = SWRMessageTableViewController.m; sourceTree = "<group>"; };
		7FA5817A1BF55BB8005BED24 /* SWRInputBox.h */ = {isa = PBXFileReference; fileEncoding = 4; lastKnownFileType = sourcecode.c.h; path = SWRInputBox.h; sourceTree = "<group>"; };
		7FA5817B1BF55BB8005BED24 /* SWRInputBox.m */ = {isa = PBXFileReference; fileEncoding = 4; lastKnownFileType = sourcecode.c.objc; path = SWRInputBox.m; sourceTree = "<group>"; };
		7FA5817F1BF56AB7005BED24 /* SWRInputBoxController.h */ = {isa = PBXFileReference; fileEncoding = 4; lastKnownFileType = sourcecode.c.h; name = SWRInputBoxController.h; path = ../Model/SWRInputBoxController.h; sourceTree = "<group>"; };
		7FA581801BF56AB7005BED24 /* SWRInputBoxController.m */ = {isa = PBXFileReference; fileEncoding = 4; lastKnownFileType = sourcecode.c.objc; name = SWRInputBoxController.m; path = ../Model/SWRInputBoxController.m; sourceTree = "<group>"; };
/* End PBXFileReference section */

/* Begin PBXFrameworksBuildPhase section */
		7FA5808C1BF02693005BED24 /* Frameworks */ = {
			isa = PBXFrameworksBuildPhase;
			buildActionMask = 2147483647;
			files = (
				7FA580F31BF04E20005BED24 /* libsqlite3.dylib in Frameworks */,
				7FA580F11BF04DBB005BED24 /* Bolts.framework in Frameworks */,
				7FA580EF1BF04C66005BED24 /* Parse.framework in Frameworks */,
				7FA580EB1BF04B4D005BED24 /* StoreKit.framework in Frameworks */,
				7FA580ED1BF04B56005BED24 /* SystemConfiguration.framework in Frameworks */,
				7FA580E91BF04B46005BED24 /* Security.framework in Frameworks */,
				7FA580E71BF04B37005BED24 /* QuartzCore.framework in Frameworks */,
				7FA580E51BF04B2F005BED24 /* MobileCoreServices.framework in Frameworks */,
				7FA580E31BF04B11005BED24 /* libz.1.1.3.dylib in Frameworks */,
				7FA580DB1BF04AD9005BED24 /* AudioToolbox.framework in Frameworks */,
				7FA580E11BF04AFD005BED24 /* CoreLocation.framework in Frameworks */,
				7FA580DF1BF04AF6005BED24 /* CoreGraphics.framework in Frameworks */,
				7FA580DD1BF04AEF005BED24 /* CFNetwork.framework in Frameworks */,
			);
			runOnlyForDeploymentPostprocessing = 0;
		};
		7FA580A51BF02693005BED24 /* Frameworks */ = {
			isa = PBXFrameworksBuildPhase;
			buildActionMask = 2147483647;
			files = (
			);
			runOnlyForDeploymentPostprocessing = 0;
		};
/* End PBXFrameworksBuildPhase section */

/* Begin PBXGroup section */
		7FA580861BF02693005BED24 = {
			isa = PBXGroup;
			children = (
				7FA580F01BF04DBB005BED24 /* Bolts.framework */,
				7FA580EE1BF04C66005BED24 /* Parse.framework */,
				7FA580911BF02693005BED24 /* SnapchatStudy */,
				7FA580AB1BF02693005BED24 /* SnapchatStudyTests */,
				7FA580901BF02693005BED24 /* Products */,
			);
			sourceTree = "<group>";
		};
		7FA580901BF02693005BED24 /* Products */ = {
			isa = PBXGroup;
			children = (
				7FA5808F1BF02693005BED24 /* SnapchatStudy.app */,
				7FA580A81BF02693005BED24 /* SnapchatStudyTests.xctest */,
			);
			name = Products;
			sourceTree = "<group>";
		};
		7FA580911BF02693005BED24 /* SnapchatStudy */ = {
			isa = PBXGroup;
			children = (
				7FA5809C1BF02693005BED24 /* Main.storyboard */,
				7FA580961BF02693005BED24 /* AppDelegate.h */,
				7FA580971BF02693005BED24 /* AppDelegate.m */,
				7FA580B81BF02C34005BED24 /* Navigator */,
				7FA580BA1BF02C43005BED24 /* Start */,
				7FA580F51BF066DC005BED24 /* Login */,
				7FA580B91BF02C43005BED24 /* Signup */,
				7FA580BB1BF02C56005BED24 /* ConversationTable */,
				7FA581351BF4604E005BED24 /* ChatTable */,
				7FA580F41BF066B9005BED24 /* Manage */,
				7FA580FC1BF067B5005BED24 /* Setting */,
				7FA5810F1BF1B8D8005BED24 /* CustomizedSegue */,
				7FA580A11BF02693005BED24 /* LaunchScreen.xib */,
				7FA5809F1BF02693005BED24 /* Images.xcassets */,
				7FA580921BF02693005BED24 /* Supporting Files */,
			);
			path = SnapchatStudy;
			sourceTree = "<group>";
		};
		7FA580921BF02693005BED24 /* Supporting Files */ = {
			isa = PBXGroup;
			children = (
				7FA581321BF43F68005BED24 /* UIView+Extension.h */,
				7FA581331BF43F68005BED24 /* UIView+Extension.m */,
				7FA580F21BF04E20005BED24 /* libsqlite3.dylib */,
				7FA580EC1BF04B56005BED24 /* SystemConfiguration.framework */,
				7FA580EA1BF04B4D005BED24 /* StoreKit.framework */,
				7FA580E81BF04B46005BED24 /* Security.framework */,
				7FA580E61BF04B37005BED24 /* QuartzCore.framework */,
				7FA580E41BF04B2F005BED24 /* MobileCoreServices.framework */,
				7FA580E21BF04B11005BED24 /* libz.1.1.3.dylib */,
				7FA580E01BF04AFD005BED24 /* CoreLocation.framework */,
				7FA580DE1BF04AF6005BED24 /* CoreGraphics.framework */,
				7FA580DC1BF04AEF005BED24 /* CFNetwork.framework */,
				7FA580DA1BF04AD9005BED24 /* AudioToolbox.framework */,
				7FA580D81BF049EE005BED24 /* Parse.framework */,
				7FA580931BF02693005BED24 /* Info.plist */,
				7FA580941BF02693005BED24 /* main.m */,
				7FA580C81BF02DE0005BED24 /* SnapchatStudy_PrefixHeader.pch */,
			);
			name = "Supporting Files";
			sourceTree = "<group>";
		};
		7FA580AB1BF02693005BED24 /* SnapchatStudyTests */ = {
			isa = PBXGroup;
			children = (
				7FA580AE1BF02693005BED24 /* SnapchatStudyTests.m */,
				7FA580AC1BF02693005BED24 /* Supporting Files */,
			);
			path = SnapchatStudyTests;
			sourceTree = "<group>";
		};
		7FA580AC1BF02693005BED24 /* Supporting Files */ = {
			isa = PBXGroup;
			children = (
				7FA580AD1BF02693005BED24 /* Info.plist */,
			);
			name = "Supporting Files";
			sourceTree = "<group>";
		};
		7FA580B81BF02C34005BED24 /* Navigator */ = {
			isa = PBXGroup;
			children = (
				7FA580BD1BF02CF1005BED24 /* SWRNavigationController.h */,
				7FA580BE1BF02CF1005BED24 /* SWRNavigationController.m */,
				7FA580C01BF02D1B005BED24 /* NavigationBar */,
			);
			path = Navigator;
			sourceTree = "<group>";
		};
		7FA580B91BF02C43005BED24 /* Signup */ = {
			isa = PBXGroup;
			children = (
				7FA580CC1BF02E9F005BED24 /* SWRSignupViewController.h */,
				7FA580CD1BF02E9F005BED24 /* SWRSignupViewController.m */,
			);
			path = Signup;
			sourceTree = "<group>";
		};
		7FA580BA1BF02C43005BED24 /* Start */ = {
			isa = PBXGroup;
			children = (
				7FA580C91BF02E81005BED24 /* SWRStartViewController.h */,
				7FA580CA1BF02E81005BED24 /* SWRStartViewController.m */,
			);
			path = Start;
			sourceTree = "<group>";
		};
		7FA580BB1BF02C56005BED24 /* ConversationTable */ = {
			isa = PBXGroup;
			children = (
				7FA581261BF434FF005BED24 /* Controller */,
				7FA5812A1BF43508005BED24 /* Model */,
				7FA5812B1BF43510005BED24 /* View */,
			);
			path = ConversationTable;
			sourceTree = "<group>";
		};
		7FA580C01BF02D1B005BED24 /* NavigationBar */ = {
			isa = PBXGroup;
			children = (
				7FA580C11BF02D3C005BED24 /* SWRWhiteNavigationBar.h */,
				7FA580C21BF02D3C005BED24 /* SWRWhiteNavigationBar.m */,
				7FA580C41BF02D53005BED24 /* SWRGreenNavigationBar.h */,
				7FA580C51BF02D53005BED24 /* SWRGreenNavigationBar.m */,
			);
			path = NavigationBar;
			sourceTree = "<group>";
		};
		7FA580F41BF066B9005BED24 /* Manage */ = {
			isa = PBXGroup;
			children = (
				7FA580F91BF066FC005BED24 /* SWRManageViewController.h */,
				7FA580FA1BF066FC005BED24 /* SWRManageViewController.m */,
			);
			path = Manage;
			sourceTree = "<group>";
		};
		7FA580F51BF066DC005BED24 /* Login */ = {
			isa = PBXGroup;
			children = (
				7FA580F61BF066DC005BED24 /* SWRLoginViewController.h */,
				7FA580F71BF066DC005BED24 /* SWRLoginViewController.m */,
			);
			path = Login;
			sourceTree = "<group>";
		};
		7FA580FC1BF067B5005BED24 /* Setting */ = {
			isa = PBXGroup;
			children = (
				7FA580FD1BF067C9005BED24 /* SWRSettingTableViewController.h */,
				7FA580FE1BF067C9005BED24 /* SWRSettingTableViewController.m */,
				7FA581151BF2E6A6005BED24 /* AddFriend */,
				7FA581191BF30705005BED24 /* MyFriend */,
			);
			path = Setting;
			sourceTree = "<group>";
		};
		7FA5810F1BF1B8D8005BED24 /* CustomizedSegue */ = {
			isa = PBXGroup;
			children = (
				7FA581101BF1B8D8005BED24 /* SWRRightToLeftSegue.h */,
				7FA581111BF1B8D8005BED24 /* SWRRightToLeftSegue.m */,
			);
			path = CustomizedSegue;
			sourceTree = "<group>";
		};
		7FA581151BF2E6A6005BED24 /* AddFriend */ = {
			isa = PBXGroup;
			children = (
				7FA581161BF2E6DD005BED24 /* SWRAddFriendTableViewController.h */,
				7FA581171BF2E6DD005BED24 /* SWRAddFriendTableViewController.m */,
			);
			path = AddFriend;
			sourceTree = "<group>";
		};
		7FA581191BF30705005BED24 /* MyFriend */ = {
			isa = PBXGroup;
			children = (
				7FA5811A1BF3071F005BED24 /* SWRMyFriendTableViewController.h */,
				7FA5811B1BF3071F005BED24 /* SWRMyFriendTableViewController.m */,
			);
			path = MyFriend;
			sourceTree = "<group>";
		};
		7FA581261BF434FF005BED24 /* Controller */ = {
			isa = PBXGroup;
			children = (
				7FA581271BF434FF005BED24 /* SWRConversationTableViewController.h */,
				7FA581281BF434FF005BED24 /* SWRConversationTableViewController.m */,
			);
			path = Controller;
			sourceTree = "<group>";
		};
		7FA5812A1BF43508005BED24 /* Model */ = {
			isa = PBXGroup;
			children = (
				7FA5812C1BF4353A005BED24 /* SWRConversationModel.h */,
				7FA5812D1BF4353A005BED24 /* SWRConversationModel.m */,
			);
			path = Model;
			sourceTree = "<group>";
		};
		7FA5812B1BF43510005BED24 /* View */ = {
			isa = PBXGroup;
			children = (
				7FA5812F1BF4365D005BED24 /* SWRConversationTableViewCell.h */,
				7FA581301BF4365D005BED24 /* SWRConversationTableViewCell.m */,
			);
			path = View;
			sourceTree = "<group>";
		};
		7FA581351BF4604E005BED24 /* ChatTable */ = {
			isa = PBXGroup;
			children = (
				7FA581361BF4604E005BED24 /* Controller */,
				7FA581371BF4604E005BED24 /* Model */,
				7FA581381BF4604E005BED24 /* View */,
			);
			path = ChatTable;
			sourceTree = "<group>";
		};
		7FA581361BF4604E005BED24 /* Controller */ = {
			isa = PBXGroup;
			children = (
				7FA581741BF502A2005BED24 /* SWRChatViewController.h */,
				7FA581751BF502A2005BED24 /* SWRChatViewController.m */,
				7FA581771BF502BB005BED24 /* SWRMessageTableViewController.h */,
				7FA581781BF502BB005BED24 /* SWRMessageTableViewController.m */,
				7FA5817F1BF56AB7005BED24 /* SWRInputBoxController.h */,
				7FA581801BF56AB7005BED24 /* SWRInputBoxController.m */,
			);
			path = Controller;
			sourceTree = "<group>";
		};
		7FA581371BF4604E005BED24 /* Model */ = {
			isa = PBXGroup;
			children = (
				7FA581391BF46072005BED24 /* SWRMessageModel.h */,
				7FA5813A1BF46072005BED24 /* SWRMessageModel.m */,
				7FA5813C1BF46317005BED24 /* SWRMessageFrame.h */,
				7FA5813D1BF46317005BED24 /* SWRMessageFrame.m */,
			);
			path = Model;
			sourceTree = "<group>";
		};
		7FA581381BF4604E005BED24 /* View */ = {
			isa = PBXGroup;
			children = (
				7FA581711BF47644005BED24 /* SWRMessageCell.h */,
				7FA581721BF47644005BED24 /* SWRMessageCell.m */,
				7FA5817A1BF55BB8005BED24 /* SWRInputBox.h */,
				7FA5817B1BF55BB8005BED24 /* SWRInputBox.m */,
			);
			path = View;
			sourceTree = "<group>";
		};
/* End PBXGroup section */

/* Begin PBXNativeTarget section */
		7FA5808E1BF02693005BED24 /* SnapchatStudy */ = {
			isa = PBXNativeTarget;
			buildConfigurationList = 7FA580B21BF02693005BED24 /* Build configuration list for PBXNativeTarget "SnapchatStudy" */;
			buildPhases = (
				7FA5808B1BF02693005BED24 /* Sources */,
				7FA5808C1BF02693005BED24 /* Frameworks */,
				7FA5808D1BF02693005BED24 /* Resources */,
			);
			buildRules = (
			);
			dependencies = (
			);
			name = SnapchatStudy;
			productName = SnapchatStudy;
			productReference = 7FA5808F1BF02693005BED24 /* SnapchatStudy.app */;
			productType = "com.apple.product-type.application";
		};
		7FA580A71BF02693005BED24 /* SnapchatStudyTests */ = {
			isa = PBXNativeTarget;
			buildConfigurationList = 7FA580B51BF02693005BED24 /* Build configuration list for PBXNativeTarget "SnapchatStudyTests" */;
			buildPhases = (
				7FA580A41BF02693005BED24 /* Sources */,
				7FA580A51BF02693005BED24 /* Frameworks */,
				7FA580A61BF02693005BED24 /* Resources */,
			);
			buildRules = (
			);
			dependencies = (
				7FA580AA1BF02693005BED24 /* PBXTargetDependency */,
			);
			name = SnapchatStudyTests;
			productName = SnapchatStudyTests;
			productReference = 7FA580A81BF02693005BED24 /* SnapchatStudyTests.xctest */;
			productType = "com.apple.product-type.bundle.unit-test";
		};
/* End PBXNativeTarget section */

/* Begin PBXProject section */
		7FA580871BF02693005BED24 /* Project object */ = {
			isa = PBXProject;
			attributes = {
				LastUpgradeCheck = 0640;
				ORGANIZATIONNAME = "Vera Shi";
				TargetAttributes = {
					7FA5808E1BF02693005BED24 = {
						CreatedOnToolsVersion = 6.4;
					};
					7FA580A71BF02693005BED24 = {
						CreatedOnToolsVersion = 6.4;
						TestTargetID = 7FA5808E1BF02693005BED24;
					};
				};
			};
			buildConfigurationList = 7FA5808A1BF02693005BED24 /* Build configuration list for PBXProject "SnapchatStudy" */;
			compatibilityVersion = "Xcode 3.2";
			developmentRegion = English;
			hasScannedForEncodings = 0;
			knownRegions = (
				en,
				Base,
			);
			mainGroup = 7FA580861BF02693005BED24;
			productRefGroup = 7FA580901BF02693005BED24 /* Products */;
			projectDirPath = "";
			projectRoot = "";
			targets = (
				7FA5808E1BF02693005BED24 /* SnapchatStudy */,
				7FA580A71BF02693005BED24 /* SnapchatStudyTests */,
			);
		};
/* End PBXProject section */

/* Begin PBXResourcesBuildPhase section */
		7FA5808D1BF02693005BED24 /* Resources */ = {
			isa = PBXResourcesBuildPhase;
			buildActionMask = 2147483647;
			files = (
				7FA5809E1BF02693005BED24 /* Main.storyboard in Resources */,
				7FA580A31BF02693005BED24 /* LaunchScreen.xib in Resources */,
				7FA580A01BF02693005BED24 /* Images.xcassets in Resources */,
			);
			runOnlyForDeploymentPostprocessing = 0;
		};
		7FA580A61BF02693005BED24 /* Resources */ = {
			isa = PBXResourcesBuildPhase;
			buildActionMask = 2147483647;
			files = (
			);
			runOnlyForDeploymentPostprocessing = 0;
		};
/* End PBXResourcesBuildPhase section */

/* Begin PBXSourcesBuildPhase section */
		7FA5808B1BF02693005BED24 /* Sources */ = {
			isa = PBXSourcesBuildPhase;
			buildActionMask = 2147483647;
			files = (
				7FA580C31BF02D3C005BED24 /* SWRWhiteNavigationBar.m in Sources */,
				7FA5813E1BF46317005BED24 /* SWRMessageFrame.m in Sources */,
				7FA581291BF434FF005BED24 /* SWRConversationTableViewController.m in Sources */,
				7FA581121BF1B8D8005BED24 /* SWRRightToLeftSegue.m in Sources */,
				7FA581311BF4365D005BED24 /* SWRConversationTableViewCell.m in Sources */,
				7FA581821BF5710E005BED24 /* SWRChatViewController.m in Sources */,
				7FA580FB1BF066FC005BED24 /* SWRManageViewController.m in Sources */,
				7FA581341BF43F68005BED24 /* UIView+Extension.m in Sources */,
				7FA5817C1BF55BB8005BED24 /* SWRInputBox.m in Sources */,
				7FA580981BF02693005BED24 /* AppDelegate.m in Sources */,
				7FA580CE1BF02E9F005BED24 /* SWRSignupViewController.m in Sources */,
				7FA5813B1BF46072005BED24 /* SWRMessageModel.m in Sources */,
				7FA581811BF56AB7005BED24 /* SWRInputBoxController.m in Sources */,
				7FA581791BF502BB005BED24 /* SWRMessageTableViewController.m in Sources */,
				7FA580CB1BF02E81005BED24 /* SWRStartViewController.m in Sources */,
				7FA5812E1BF4353A005BED24 /* SWRConversationModel.m in Sources */,
				7FA581731BF47644005BED24 /* SWRMessageCell.m in Sources */,
				7FA580BF1BF02CF1005BED24 /* SWRNavigationController.m in Sources */,
				7FA5811C1BF3071F005BED24 /* SWRMyFriendTableViewController.m in Sources */,
				7FA581181BF2E6DD005BED24 /* SWRAddFriendTableViewController.m in Sources */,
				7FA580FF1BF067C9005BED24 /* SWRSettingTableViewController.m in Sources */,
				7FA580951BF02693005BED24 /* main.m in Sources */,
				7FA580F81BF066DC005BED24 /* SWRLoginViewController.m in Sources */,
				7FA580C61BF02D53005BED24 /* SWRGreenNavigationBar.m in Sources */,
			);
			runOnlyForDeploymentPostprocessing = 0;
		};
		7FA580A41BF02693005BED24 /* Sources */ = {
			isa = PBXSourcesBuildPhase;
			buildActionMask = 2147483647;
			files = (
				7FA580AF1BF02693005BED24 /* SnapchatStudyTests.m in Sources */,
			);
			runOnlyForDeploymentPostprocessing = 0;
		};
/* End PBXSourcesBuildPhase section */

/* Begin PBXTargetDependency section */
		7FA580AA1BF02693005BED24 /* PBXTargetDependency */ = {
			isa = PBXTargetDependency;
			target = 7FA5808E1BF02693005BED24 /* SnapchatStudy */;
			targetProxy = 7FA580A91BF02693005BED24 /* PBXContainerItemProxy */;
		};
/* End PBXTargetDependency section */

/* Begin PBXVariantGroup section */
		7FA5809C1BF02693005BED24 /* Main.storyboard */ = {
			isa = PBXVariantGroup;
			children = (
				7FA5809D1BF02693005BED24 /* Base */,
			);
			name = Main.storyboard;
			sourceTree = "<group>";
		};
		7FA580A11BF02693005BED24 /* LaunchScreen.xib */ = {
			isa = PBXVariantGroup;
			children = (
				7FA580A21BF02693005BED24 /* Base */,
			);
			name = LaunchScreen.xib;
			sourceTree = "<group>";
		};
/* End PBXVariantGroup section */

/* Begin XCBuildConfiguration section */
		7FA580B01BF02693005BED24 /* Debug */ = {
			isa = XCBuildConfiguration;
			buildSettings = {
				ALWAYS_SEARCH_USER_PATHS = NO;
				CLANG_CXX_LANGUAGE_STANDARD = "gnu++0x";
				CLANG_CXX_LIBRARY = "libc++";
				CLANG_ENABLE_MODULES = YES;
				CLANG_ENABLE_OBJC_ARC = YES;
				CLANG_WARN_BOOL_CONVERSION = YES;
				CLANG_WARN_CONSTANT_CONVERSION = YES;
				CLANG_WARN_DIRECT_OBJC_ISA_USAGE = YES_ERROR;
				CLANG_WARN_EMPTY_BODY = YES;
				CLANG_WARN_ENUM_CONVERSION = YES;
				CLANG_WARN_INT_CONVERSION = YES;
				CLANG_WARN_OBJC_ROOT_CLASS = YES_ERROR;
				CLANG_WARN_UNREACHABLE_CODE = YES;
				CLANG_WARN__DUPLICATE_METHOD_MATCH = YES;
				"CODE_SIGN_IDENTITY[sdk=iphoneos*]" = "iPhone Developer";
				COPY_PHASE_STRIP = NO;
				DEBUG_INFORMATION_FORMAT = "dwarf-with-dsym";
				ENABLE_STRICT_OBJC_MSGSEND = YES;
				GCC_C_LANGUAGE_STANDARD = gnu99;
				GCC_DYNAMIC_NO_PIC = NO;
				GCC_NO_COMMON_BLOCKS = YES;
				GCC_OPTIMIZATION_LEVEL = 0;
				GCC_PREPROCESSOR_DEFINITIONS = (
					"DEBUG=1",
					"$(inherited)",
				);
				GCC_SYMBOLS_PRIVATE_EXTERN = NO;
				GCC_WARN_64_TO_32_BIT_CONVERSION = YES;
				GCC_WARN_ABOUT_RETURN_TYPE = YES_ERROR;
				GCC_WARN_UNDECLARED_SELECTOR = YES;
				GCC_WARN_UNINITIALIZED_AUTOS = YES_AGGRESSIVE;
				GCC_WARN_UNUSED_FUNCTION = YES;
				GCC_WARN_UNUSED_VARIABLE = YES;
				IPHONEOS_DEPLOYMENT_TARGET = 8.4;
				MTL_ENABLE_DEBUG_INFO = YES;
				ONLY_ACTIVE_ARCH = YES;
				SDKROOT = iphoneos;
			};
			name = Debug;
		};
		7FA580B11BF02693005BED24 /* Release */ = {
			isa = XCBuildConfiguration;
			buildSettings = {
				ALWAYS_SEARCH_USER_PATHS = NO;
				CLANG_CXX_LANGUAGE_STANDARD = "gnu++0x";
				CLANG_CXX_LIBRARY = "libc++";
				CLANG_ENABLE_MODULES = YES;
				CLANG_ENABLE_OBJC_ARC = YES;
				CLANG_WARN_BOOL_CONVERSION = YES;
				CLANG_WARN_CONSTANT_CONVERSION = YES;
				CLANG_WARN_DIRECT_OBJC_ISA_USAGE = YES_ERROR;
				CLANG_WARN_EMPTY_BODY = YES;
				CLANG_WARN_ENUM_CONVERSION = YES;
				CLANG_WARN_INT_CONVERSION = YES;
				CLANG_WARN_OBJC_ROOT_CLASS = YES_ERROR;
				CLANG_WARN_UNREACHABLE_CODE = YES;
				CLANG_WARN__DUPLICATE_METHOD_MATCH = YES;
				"CODE_SIGN_IDENTITY[sdk=iphoneos*]" = "iPhone Developer";
				COPY_PHASE_STRIP = NO;
				DEBUG_INFORMATION_FORMAT = "dwarf-with-dsym";
				ENABLE_NS_ASSERTIONS = NO;
				ENABLE_STRICT_OBJC_MSGSEND = YES;
				GCC_C_LANGUAGE_STANDARD = gnu99;
				GCC_NO_COMMON_BLOCKS = YES;
				GCC_WARN_64_TO_32_BIT_CONVERSION = YES;
				GCC_WARN_ABOUT_RETURN_TYPE = YES_ERROR;
				GCC_WARN_UNDECLARED_SELECTOR = YES;
				GCC_WARN_UNINITIALIZED_AUTOS = YES_AGGRESSIVE;
				GCC_WARN_UNUSED_FUNCTION = YES;
				GCC_WARN_UNUSED_VARIABLE = YES;
				IPHONEOS_DEPLOYMENT_TARGET = 8.4;
				MTL_ENABLE_DEBUG_INFO = NO;
				SDKROOT = iphoneos;
				VALIDATE_PRODUCT = YES;
			};
			name = Release;
		};
		7FA580B31BF02693005BED24 /* Debug */ = {
			isa = XCBuildConfiguration;
			buildSettings = {
				ASSETCATALOG_COMPILER_APPICON_NAME = AppIcon;
				FRAMEWORK_SEARCH_PATHS = (
					"$(inherited)",
					"$(PROJECT_DIR)/SnapchatStudy",
					"/Users/wrshi/Documents/Lib/parse-starter-project-1.9.1/ParseStarterProject",
				);
				GCC_PREFIX_HEADER = SnapchatStudy/SnapchatStudy_PrefixHeader.pch;
				INFOPLIST_FILE = SnapchatStudy/Info.plist;
				IPHONEOS_DEPLOYMENT_TARGET = 7.1;
				LD_RUNPATH_SEARCH_PATHS = "$(inherited) @executable_path/Frameworks";
				PRODUCT_NAME = "$(TARGET_NAME)";
			};
			name = Debug;
		};
		7FA580B41BF02693005BED24 /* Release */ = {
			isa = XCBuildConfiguration;
			buildSettings = {
				ASSETCATALOG_COMPILER_APPICON_NAME = AppIcon;
				FRAMEWORK_SEARCH_PATHS = (
					"$(inherited)",
					"$(PROJECT_DIR)/SnapchatStudy",
					"/Users/wrshi/Documents/Lib/parse-starter-project-1.9.1/ParseStarterProject",
				);
				GCC_PREFIX_HEADER = SnapchatStudy/SnapchatStudy_PrefixHeader.pch;
				INFOPLIST_FILE = SnapchatStudy/Info.plist;
				IPHONEOS_DEPLOYMENT_TARGET = 7.1;
				LD_RUNPATH_SEARCH_PATHS = "$(inherited) @executable_path/Frameworks";
				PRODUCT_NAME = "$(TARGET_NAME)";
			};
			name = Release;
		};
		7FA580B61BF02693005BED24 /* Debug */ = {
			isa = XCBuildConfiguration;
			buildSettings = {
				BUNDLE_LOADER = "$(TEST_HOST)";
				FRAMEWORK_SEARCH_PATHS = (
					"$(SDKROOT)/Developer/Library/Frameworks",
					"$(inherited)",
				);
				GCC_PREPROCESSOR_DEFINITIONS = (
					"DEBUG=1",
					"$(inherited)",
				);
				INFOPLIST_FILE = SnapchatStudyTests/Info.plist;
				LD_RUNPATH_SEARCH_PATHS = "$(inherited) @executable_path/Frameworks @loader_path/Frameworks";
				PRODUCT_NAME = "$(TARGET_NAME)";
				TEST_HOST = "$(BUILT_PRODUCTS_DIR)/SnapchatStudy.app/SnapchatStudy";
			};
			name = Debug;
		};
		7FA580B71BF02693005BED24 /* Release */ = {
			isa = XCBuildConfiguration;
			buildSettings = {
				BUNDLE_LOADER = "$(TEST_HOST)";
				FRAMEWORK_SEARCH_PATHS = (
					"$(SDKROOT)/Developer/Library/Frameworks",
					"$(inherited)",
				);
				INFOPLIST_FILE = SnapchatStudyTests/Info.plist;
				LD_RUNPATH_SEARCH_PATHS = "$(inherited) @executable_path/Frameworks @loader_path/Frameworks";
				PRODUCT_NAME = "$(TARGET_NAME)";
				TEST_HOST = "$(BUILT_PRODUCTS_DIR)/SnapchatStudy.app/SnapchatStudy";
			};
			name = Release;
		};
/* End XCBuildConfiguration section */

/* Begin XCConfigurationList section */
		7FA5808A1BF02693005BED24 /* Build configuration list for PBXProject "SnapchatStudy" */ = {
			isa = XCConfigurationList;
			buildConfigurations = (
				7FA580B01BF02693005BED24 /* Debug */,
				7FA580B11BF02693005BED24 /* Release */,
			);
			defaultConfigurationIsVisible = 0;
			defaultConfigurationName = Release;
		};
		7FA580B21BF02693005BED24 /* Build configuration list for PBXNativeTarget "SnapchatStudy" */ = {
			isa = XCConfigurationList;
			buildConfigurations = (
				7FA580B31BF02693005BED24 /* Debug */,
				7FA580B41BF02693005BED24 /* Release */,
			);
			defaultConfigurationIsVisible = 0;
			defaultConfigurationName = Release;
		};
		7FA580B51BF02693005BED24 /* Build configuration list for PBXNativeTarget "SnapchatStudyTests" */ = {
			isa = XCConfigurationList;
			buildConfigurations = (
				7FA580B61BF02693005BED24 /* Debug */,
				7FA580B71BF02693005BED24 /* Release */,
			);
			defaultConfigurationIsVisible = 0;
			defaultConfigurationName = Release;
		};
/* End XCConfigurationList section */
	};
	rootObject = 7FA580871BF02693005BED24 /* Project object */;
}
